// !$*UTF8*$!
{
	archiveVersion = 1;
	classes = {
	};
	objectVersion = 46;
	objects = {

/* Begin PBXBuildFile section */
		7EE2BD9B1B7DA9AB006EB43B /* ESrollerView.m in Sources */ = {isa = PBXBuildFile; fileRef = 7EE2BD9A1B7DA9AB006EB43B /* ESrollerView.m */; };
		7EE2BDA11B7E0E52006EB43B /* DetailViewController.m in Sources */ = {isa = PBXBuildFile; fileRef = 7EE2BDA01B7E0E52006EB43B /* DetailViewController.m */; };
		7EF55F061B7CA022005D0DA1 /* main.m in Sources */ = {isa = PBXBuildFile; fileRef = 7EF55F051B7CA022005D0DA1 /* main.m */; };
		7EF55F091B7CA022005D0DA1 /* AppDelegate.m in Sources */ = {isa = PBXBuildFile; fileRef = 7EF55F081B7CA022005D0DA1 /* AppDelegate.m */; };
		7EF55F0C1B7CA022005D0DA1 /* HomeViewController.m in Sources */ = {isa = PBXBuildFile; fileRef = 7EF55F0B1B7CA022005D0DA1 /* HomeViewController.m */; };
		7EF55F0F1B7CA022005D0DA1 /* PlanViewController.m in Sources */ = {isa = PBXBuildFile; fileRef = 7EF55F0E1B7CA022005D0DA1 /* PlanViewController.m */; };
		7EF55F121B7CA022005D0DA1 /* Main.storyboard in Resources */ = {isa = PBXBuildFile; fileRef = 7EF55F101B7CA022005D0DA1 /* Main.storyboard */; };
		7EF55F141B7CA022005D0DA1 /* Images.xcassets in Resources */ = {isa = PBXBuildFile; fileRef = 7EF55F131B7CA022005D0DA1 /* Images.xcassets */; };
		7EF55F171B7CA022005D0DA1 /* LaunchScreen.xib in Resources */ = {isa = PBXBuildFile; fileRef = 7EF55F151B7CA022005D0DA1 /* LaunchScreen.xib */; };
		7EF55F231B7CA022005D0DA1 /* FeiLuTests.m in Sources */ = {isa = PBXBuildFile; fileRef = 7EF55F221B7CA022005D0DA1 /* FeiLuTests.m */; };
		7EF854301B8DBD620063282E /* PanoViewController.m in Sources */ = {isa = PBXBuildFile; fileRef = 7EF8542F1B8DBD620063282E /* PanoViewController.m */; };
		F7C805A21B806EC300781ED1 /* CLTreeView_LEVEL0_Cell.m in Sources */ = {isa = PBXBuildFile; fileRef = F7C805841B806EC300781ED1 /* CLTreeView_LEVEL0_Cell.m */; };
		F7C805A31B806EC300781ED1 /* CLTreeView_LEVEL0_Model.m in Sources */ = {isa = PBXBuildFile; fileRef = F7C805861B806EC300781ED1 /* CLTreeView_LEVEL0_Model.m */; };
		F7C805A41B806EC300781ED1 /* CLTreeView_LEVEL1_Cell.m in Sources */ = {isa = PBXBuildFile; fileRef = F7C805881B806EC300781ED1 /* CLTreeView_LEVEL1_Cell.m */; };
		F7C805A51B806EC300781ED1 /* CLTreeView_LEVEL1_Model.m in Sources */ = {isa = PBXBuildFile; fileRef = F7C8058A1B806EC300781ED1 /* CLTreeView_LEVEL1_Model.m */; };
		F7C805A61B806EC300781ED1 /* CLTreeView_LEVEL2_Cell.m in Sources */ = {isa = PBXBuildFile; fileRef = F7C8058C1B806EC300781ED1 /* CLTreeView_LEVEL2_Cell.m */; };
		F7C805A71B806EC300781ED1 /* CLTreeView_LEVEL2_Model.m in Sources */ = {isa = PBXBuildFile; fileRef = F7C8058E1B806EC300781ED1 /* CLTreeView_LEVEL2_Model.m */; };
		F7C805A81B806EC300781ED1 /* CLTreeViewController.m in Sources */ = {isa = PBXBuildFile; fileRef = F7C805901B806EC300781ED1 /* CLTreeViewController.m */; };
		F7C805A91B806EC300781ED1 /* CLTreeViewNode.m in Sources */ = {isa = PBXBuildFile; fileRef = F7C805921B806EC300781ED1 /* CLTreeViewNode.m */; };
		F7C805AA1B806EC300781ED1 /* contacts_collect@2x.png in Resources */ = {isa = PBXBuildFile; fileRef = F7C805941B806EC300781ED1 /* contacts_collect@2x.png */; };
		F7C805AB1B806EC300781ED1 /* contacts_major@2x.png in Resources */ = {isa = PBXBuildFile; fileRef = F7C805951B806EC300781ED1 /* contacts_major@2x.png */; };
		F7C805AC1B806EC300781ED1 /* head1.jpg in Resources */ = {isa = PBXBuildFile; fileRef = F7C805961B806EC300781ED1 /* head1.jpg */; };
		F7C805AD1B806EC300781ED1 /* head2.jpg in Resources */ = {isa = PBXBuildFile; fileRef = F7C805971B806EC300781ED1 /* head2.jpg */; };
		F7C805AE1B806EC300781ED1 /* head3.jpg in Resources */ = {isa = PBXBuildFile; fileRef = F7C805981B806EC300781ED1 /* head3.jpg */; };
		F7C805AF1B806EC300781ED1 /* head4.jpg in Resources */ = {isa = PBXBuildFile; fileRef = F7C805991B806EC300781ED1 /* head4.jpg */; };
		F7C805B01B806EC300781ED1 /* head5.jpg in Resources */ = {isa = PBXBuildFile; fileRef = F7C8059A1B806EC300781ED1 /* head5.jpg */; };
		F7C805B11B806EC300781ED1 /* head6.jpg in Resources */ = {isa = PBXBuildFile; fileRef = F7C8059B1B806EC300781ED1 /* head6.jpg */; };
		F7C805B21B806EC300781ED1 /* head7.jpg in Resources */ = {isa = PBXBuildFile; fileRef = F7C8059C1B806EC300781ED1 /* head7.jpg */; };
		F7C805B31B806EC300781ED1 /* head8.jpg in Resources */ = {isa = PBXBuildFile; fileRef = F7C8059D1B806EC300781ED1 /* head8.jpg */; };
		F7C805B41B806EC300781ED1 /* the_arrow.png in Resources */ = {isa = PBXBuildFile; fileRef = F7C8059E1B806EC300781ED1 /* the_arrow.png */; };
		F7C805B51B806EC300781ED1 /* Level0_Cell.xib in Resources */ = {isa = PBXBuildFile; fileRef = F7C8059F1B806EC300781ED1 /* Level0_Cell.xib */; };
		F7C805B61B806EC300781ED1 /* Level1_Cell.xib in Resources */ = {isa = PBXBuildFile; fileRef = F7C805A01B806EC300781ED1 /* Level1_Cell.xib */; };
		F7C805B71B806EC300781ED1 /* Level2_Cell.xib in Resources */ = {isa = PBXBuildFile; fileRef = F7C805A11B806EC300781ED1 /* Level2_Cell.xib */; };
/* End PBXBuildFile section */

/* Begin PBXContainerItemProxy section */
		7EF55F1D1B7CA022005D0DA1 /* PBXContainerItemProxy */ = {
			isa = PBXContainerItemProxy;
			containerPortal = 7EF55EF81B7CA022005D0DA1 /* Project object */;
			proxyType = 1;
			remoteGlobalIDString = 7EF55EFF1B7CA022005D0DA1;
			remoteInfo = FeiLu;
		};
/* End PBXContainerItemProxy section */

/* Begin PBXFileReference section */
		7EE2BD991B7DA9AB006EB43B /* EScrollerView.h */ = {isa = PBXFileReference; fileEncoding = 4; lastKnownFileType = sourcecode.c.h; path = EScrollerView.h; sourceTree = "<group>"; };
		7EE2BD9A1B7DA9AB006EB43B /* ESrollerView.m */ = {isa = PBXFileReference; fileEncoding = 4; lastKnownFileType = sourcecode.c.objc; path = ESrollerView.m; sourceTree = "<group>"; };
		7EE2BD9F1B7E0E52006EB43B /* DetailViewController.h */ = {isa = PBXFileReference; fileEncoding = 4; lastKnownFileType = sourcecode.c.h; path = DetailViewController.h; sourceTree = "<group>"; };
		7EE2BDA01B7E0E52006EB43B /* DetailViewController.m */ = {isa = PBXFileReference; fileEncoding = 4; lastKnownFileType = sourcecode.c.objc; path = DetailViewController.m; sourceTree = "<group>"; };
		7EF55F001B7CA022005D0DA1 /* FeiLu.app */ = {isa = PBXFileReference; explicitFileType = wrapper.application; includeInIndex = 0; path = FeiLu.app; sourceTree = BUILT_PRODUCTS_DIR; };
		7EF55F041B7CA022005D0DA1 /* Info.plist */ = {isa = PBXFileReference; lastKnownFileType = text.plist.xml; path = Info.plist; sourceTree = "<group>"; };
		7EF55F051B7CA022005D0DA1 /* main.m */ = {isa = PBXFileReference; lastKnownFileType = sourcecode.c.objc; path = main.m; sourceTree = "<group>"; };
		7EF55F071B7CA022005D0DA1 /* AppDelegate.h */ = {isa = PBXFileReference; lastKnownFileType = sourcecode.c.h; path = AppDelegate.h; sourceTree = "<group>"; };
		7EF55F081B7CA022005D0DA1 /* AppDelegate.m */ = {isa = PBXFileReference; lastKnownFileType = sourcecode.c.objc; path = AppDelegate.m; sourceTree = "<group>"; };
		7EF55F0A1B7CA022005D0DA1 /* HomeViewController.h */ = {isa = PBXFileReference; lastKnownFileType = sourcecode.c.h; path = HomeViewController.h; sourceTree = "<group>"; };
		7EF55F0B1B7CA022005D0DA1 /* HomeViewController.m */ = {isa = PBXFileReference; lastKnownFileType = sourcecode.c.objc; path = HomeViewController.m; sourceTree = "<group>"; };
		7EF55F0D1B7CA022005D0DA1 /* PlanViewController.h */ = {isa = PBXFileReference; lastKnownFileType = sourcecode.c.h; path = PlanViewController.h; sourceTree = "<group>"; };
		7EF55F0E1B7CA022005D0DA1 /* PlanViewController.m */ = {isa = PBXFileReference; lastKnownFileType = sourcecode.c.objc; path = PlanViewController.m; sourceTree = "<group>"; };
		7EF55F111B7CA022005D0DA1 /* Base */ = {isa = PBXFileReference; lastKnownFileType = file.storyboard; name = Base; path = Base.lproj/Main.storyboard; sourceTree = "<group>"; };
		7EF55F131B7CA022005D0DA1 /* Images.xcassets */ = {isa = PBXFileReference; lastKnownFileType = folder.assetcatalog; path = Images.xcassets; sourceTree = "<group>"; };
		7EF55F161B7CA022005D0DA1 /* Base */ = {isa = PBXFileReference; lastKnownFileType = file.xib; name = Base; path = Base.lproj/LaunchScreen.xib; sourceTree = "<group>"; };
		7EF55F1C1B7CA022005D0DA1 /* FeiLuTests.xctest */ = {isa = PBXFileReference; explicitFileType = wrapper.cfbundle; includeInIndex = 0; path = FeiLuTests.xctest; sourceTree = BUILT_PRODUCTS_DIR; };
		7EF55F211B7CA022005D0DA1 /* Info.plist */ = {isa = PBXFileReference; lastKnownFileType = text.plist.xml; path = Info.plist; sourceTree = "<group>"; };
		7EF55F221B7CA022005D0DA1 /* FeiLuTests.m */ = {isa = PBXFileReference; lastKnownFileType = sourcecode.c.objc; path = FeiLuTests.m; sourceTree = "<group>"; };
		7EF8542E1B8DBD620063282E /* PanoViewController.h */ = {isa = PBXFileReference; fileEncoding = 4; lastKnownFileType = sourcecode.c.h; path = PanoViewController.h; sourceTree = "<group>"; };
		7EF8542F1B8DBD620063282E /* PanoViewController.m */ = {isa = PBXFileReference; fileEncoding = 4; lastKnownFileType = sourcecode.c.objc; path = PanoViewController.m; sourceTree = "<group>"; };
		F7C805821B806EC300781ED1 /* CLTree.h */ = {isa = PBXFileReference; fileEncoding = 4; lastKnownFileType = sourcecode.c.h; path = CLTree.h; sourceTree = "<group>"; };
		F7C805831B806EC300781ED1 /* CLTreeView_LEVEL0_Cell.h */ = {isa = PBXFileReference; fileEncoding = 4; lastKnownFileType = sourcecode.c.h; path = CLTreeView_LEVEL0_Cell.h; sourceTree = "<group>"; };
		F7C805841B806EC300781ED1 /* CLTreeView_LEVEL0_Cell.m */ = {isa = PBXFileReference; fileEncoding = 4; lastKnownFileType = sourcecode.c.objc; path = CLTreeView_LEVEL0_Cell.m; sourceTree = "<group>"; };
		F7C805851B806EC300781ED1 /* CLTreeView_LEVEL0_Model.h */ = {isa = PBXFileReference; fileEncoding = 4; lastKnownFileType = sourcecode.c.h; path = CLTreeView_LEVEL0_Model.h; sourceTree = "<group>"; };
		F7C805861B806EC300781ED1 /* CLTreeView_LEVEL0_Model.m */ = {isa = PBXFileReference; fileEncoding = 4; lastKnownFileType = sourcecode.c.objc; path = CLTreeView_LEVEL0_Model.m; sourceTree = "<group>"; };
		F7C805871B806EC300781ED1 /* CLTreeView_LEVEL1_Cell.h */ = {isa = PBXFileReference; fileEncoding = 4; lastKnownFileType = sourcecode.c.h; path = CLTreeView_LEVEL1_Cell.h; sourceTree = "<group>"; };
		F7C805881B806EC300781ED1 /* CLTreeView_LEVEL1_Cell.m */ = {isa = PBXFileReference; fileEncoding = 4; lastKnownFileType = sourcecode.c.objc; path = CLTreeView_LEVEL1_Cell.m; sourceTree = "<group>"; };
		F7C805891B806EC300781ED1 /* CLTreeView_LEVEL1_Model.h */ = {isa = PBXFileReference; fileEncoding = 4; lastKnownFileType = sourcecode.c.h; path = CLTreeView_LEVEL1_Model.h; sourceTree = "<group>"; };
		F7C8058A1B806EC300781ED1 /* CLTreeView_LEVEL1_Model.m */ = {isa = PBXFileReference; fileEncoding = 4; lastKnownFileType = sourcecode.c.objc; path = CLTreeView_LEVEL1_Model.m; sourceTree = "<group>"; };
		F7C8058B1B806EC300781ED1 /* CLTreeView_LEVEL2_Cell.h */ = {isa = PBXFileReference; fileEncoding = 4; lastKnownFileType = sourcecode.c.h; path = CLTreeView_LEVEL2_Cell.h; sourceTree = "<group>"; };
		F7C8058C1B806EC300781ED1 /* CLTreeView_LEVEL2_Cell.m */ = {isa = PBXFileReference; fileEncoding = 4; lastKnownFileType = sourcecode.c.objc; path = CLTreeView_LEVEL2_Cell.m; sourceTree = "<group>"; };
		F7C8058D1B806EC300781ED1 /* CLTreeView_LEVEL2_Model.h */ = {isa = PBXFileReference; fileEncoding = 4; lastKnownFileType = sourcecode.c.h; path = CLTreeView_LEVEL2_Model.h; sourceTree = "<group>"; };
		F7C8058E1B806EC300781ED1 /* CLTreeView_LEVEL2_Model.m */ = {isa = PBXFileReference; fileEncoding = 4; lastKnownFileType = sourcecode.c.objc; path = CLTreeView_LEVEL2_Model.m; sourceTree = "<group>"; };
		F7C8058F1B806EC300781ED1 /* CLTreeViewController.h */ = {isa = PBXFileReference; fileEncoding = 4; lastKnownFileType = sourcecode.c.h; path = CLTreeViewController.h; sourceTree = "<group>"; };
		F7C805901B806EC300781ED1 /* CLTreeViewController.m */ = {isa = PBXFileReference; fileEncoding = 4; lastKnownFileType = sourcecode.c.objc; path = CLTreeViewController.m; sourceTree = "<group>"; };
		F7C805911B806EC300781ED1 /* CLTreeViewNode.h */ = {isa = PBXFileReference; fileEncoding = 4; lastKnownFileType = sourcecode.c.h; path = CLTreeViewNode.h; sourceTree = "<group>"; };
		F7C805921B806EC300781ED1 /* CLTreeViewNode.m */ = {isa = PBXFileReference; fileEncoding = 4; lastKnownFileType = sourcecode.c.objc; path = CLTreeViewNode.m; sourceTree = "<group>"; };
		F7C805941B806EC300781ED1 /* contacts_collect@2x.png */ = {isa = PBXFileReference; lastKnownFileType = image.png; path = "contacts_collect@2x.png"; sourceTree = "<group>"; };
		F7C805951B806EC300781ED1 /* contacts_major@2x.png */ = {isa = PBXFileReference; lastKnownFileType = image.png; path = "contacts_major@2x.png"; sourceTree = "<group>"; };
		F7C805961B806EC300781ED1 /* head1.jpg */ = {isa = PBXFileReference; lastKnownFileType = image.jpeg; path = head1.jpg; sourceTree = "<group>"; };
		F7C805971B806EC300781ED1 /* head2.jpg */ = {isa = PBXFileReference; lastKnownFileType = image.jpeg; path = head2.jpg; sourceTree = "<group>"; };
		F7C805981B806EC300781ED1 /* head3.jpg */ = {isa = PBXFileReference; lastKnownFileType = image.jpeg; path = head3.jpg; sourceTree = "<group>"; };
		F7C805991B806EC300781ED1 /* head4.jpg */ = {isa = PBXFileReference; lastKnownFileType = image.jpeg; path = head4.jpg; sourceTree = "<group>"; };
		F7C8059A1B806EC300781ED1 /* head5.jpg */ = {isa = PBXFileReference; lastKnownFileType = image.jpeg; path = head5.jpg; sourceTree = "<group>"; };
		F7C8059B1B806EC300781ED1 /* head6.jpg */ = {isa = PBXFileReference; lastKnownFileType = image.jpeg; path = head6.jpg; sourceTree = "<group>"; };
		F7C8059C1B806EC300781ED1 /* head7.jpg */ = {isa = PBXFileReference; lastKnownFileType = image.jpeg; path = head7.jpg; sourceTree = "<group>"; };
		F7C8059D1B806EC300781ED1 /* head8.jpg */ = {isa = PBXFileReference; lastKnownFileType = image.jpeg; path = head8.jpg; sourceTree = "<group>"; };
		F7C8059E1B806EC300781ED1 /* the_arrow.png */ = {isa = PBXFileReference; lastKnownFileType = image.png; path = the_arrow.png; sourceTree = "<group>"; };
		F7C8059F1B806EC300781ED1 /* Level0_Cell.xib */ = {isa = PBXFileReference; fileEncoding = 4; lastKnownFileType = file.xib; path = Level0_Cell.xib; sourceTree = "<group>"; };
		F7C805A01B806EC300781ED1 /* Level1_Cell.xib */ = {isa = PBXFileReference; fileEncoding = 4; lastKnownFileType = file.xib; path = Level1_Cell.xib; sourceTree = "<group>"; };
		F7C805A11B806EC300781ED1 /* Level2_Cell.xib */ = {isa = PBXFileReference; fileEncoding = 4; lastKnownFileType = file.xib; path = Level2_Cell.xib; sourceTree = "<group>"; };
/* End PBXFileReference section */

/* Begin PBXFrameworksBuildPhase section */
		7EF55EFD1B7CA022005D0DA1 /* Frameworks */ = {
			isa = PBXFrameworksBuildPhase;
			buildActionMask = 2147483647;
			files = (
			);
			runOnlyForDeploymentPostprocessing = 0;
		};
		7EF55F191B7CA022005D0DA1 /* Frameworks */ = {
			isa = PBXFrameworksBuildPhase;
			buildActionMask = 2147483647;
			files = (
			);
			runOnlyForDeploymentPostprocessing = 0;
		};
/* End PBXFrameworksBuildPhase section */

/* Begin PBXGroup section */
		7EF55EF71B7CA022005D0DA1 = {
			isa = PBXGroup;
			children = (
				7EF55F021B7CA022005D0DA1 /* FeiLu */,
				7EF55F1F1B7CA022005D0DA1 /* FeiLuTests */,
				7EF55F011B7CA022005D0DA1 /* Products */,
			);
			sourceTree = "<group>";
		};
		7EF55F011B7CA022005D0DA1 /* Products */ = {
			isa = PBXGroup;
			children = (
				7EF55F001B7CA022005D0DA1 /* FeiLu.app */,
				7EF55F1C1B7CA022005D0DA1 /* FeiLuTests.xctest */,
			);
			name = Products;
			sourceTree = "<group>";
		};
		7EF55F021B7CA022005D0DA1 /* FeiLu */ = {
			isa = PBXGroup;
			children = (
				F7C805811B806EC300781ED1 /* CLTreeView */,
				7EF55F071B7CA022005D0DA1 /* AppDelegate.h */,
				7EF55F081B7CA022005D0DA1 /* AppDelegate.m */,
				7EF55F0A1B7CA022005D0DA1 /* HomeViewController.h */,
				7EF55F0B1B7CA022005D0DA1 /* HomeViewController.m */,
				7EF55F0D1B7CA022005D0DA1 /* PlanViewController.h */,
				7EF55F0E1B7CA022005D0DA1 /* PlanViewController.m */,
				7EE2BD9F1B7E0E52006EB43B /* DetailViewController.h */,
				7EE2BDA01B7E0E52006EB43B /* DetailViewController.m */,
				7EF8542E1B8DBD620063282E /* PanoViewController.h */,
				7EF8542F1B8DBD620063282E /* PanoViewController.m */,
				7EF55F101B7CA022005D0DA1 /* Main.storyboard */,
				7EF55F131B7CA022005D0DA1 /* Images.xcassets */,
				7EF55F151B7CA022005D0DA1 /* LaunchScreen.xib */,
				7EF55F031B7CA022005D0DA1 /* Supporting Files */,
				7EE2BD991B7DA9AB006EB43B /* EScrollerView.h */,
				7EE2BD9A1B7DA9AB006EB43B /* ESrollerView.m */,
			);
			path = FeiLu;
			sourceTree = "<group>";
		};
		7EF55F031B7CA022005D0DA1 /* Supporting Files */ = {
			isa = PBXGroup;
			children = (
				7EF55F041B7CA022005D0DA1 /* Info.plist */,
				7EF55F051B7CA022005D0DA1 /* main.m */,
			);
			name = "Supporting Files";
			sourceTree = "<group>";
		};
		7EF55F1F1B7CA022005D0DA1 /* FeiLuTests */ = {
			isa = PBXGroup;
			children = (
				7EF55F221B7CA022005D0DA1 /* FeiLuTests.m */,
				7EF55F201B7CA022005D0DA1 /* Supporting Files */,
			);
			path = FeiLuTests;
			sourceTree = "<group>";
		};
		7EF55F201B7CA022005D0DA1 /* Supporting Files */ = {
			isa = PBXGroup;
			children = (
				7EF55F211B7CA022005D0DA1 /* Info.plist */,
			);
			name = "Supporting Files";
			sourceTree = "<group>";
		};
		F7C805811B806EC300781ED1 /* CLTreeView */ = {
			isa = PBXGroup;
			children = (
				F7C805821B806EC300781ED1 /* CLTree.h */,
				F7C805831B806EC300781ED1 /* CLTreeView_LEVEL0_Cell.h */,
				F7C805841B806EC300781ED1 /* CLTreeView_LEVEL0_Cell.m */,
				F7C805851B806EC300781ED1 /* CLTreeView_LEVEL0_Model.h */,
				F7C805861B806EC300781ED1 /* CLTreeView_LEVEL0_Model.m */,
				F7C805871B806EC300781ED1 /* CLTreeView_LEVEL1_Cell.h */,
				F7C805881B806EC300781ED1 /* CLTreeView_LEVEL1_Cell.m */,
				F7C805891B806EC300781ED1 /* CLTreeView_LEVEL1_Model.h */,
				F7C8058A1B806EC300781ED1 /* CLTreeView_LEVEL1_Model.m */,
				F7C8058B1B806EC300781ED1 /* CLTreeView_LEVEL2_Cell.h */,
				F7C8058C1B806EC300781ED1 /* CLTreeView_LEVEL2_Cell.m */,
				F7C8058D1B806EC300781ED1 /* CLTreeView_LEVEL2_Model.h */,
				F7C8058E1B806EC300781ED1 /* CLTreeView_LEVEL2_Model.m */,
				F7C8058F1B806EC300781ED1 /* CLTreeViewController.h */,
				F7C805901B806EC300781ED1 /* CLTreeViewController.m */,
				F7C805911B806EC300781ED1 /* CLTreeViewNode.h */,
				F7C805921B806EC300781ED1 /* CLTreeViewNode.m */,
				F7C805931B806EC300781ED1 /* image */,
				F7C8059F1B806EC300781ED1 /* Level0_Cell.xib */,
				F7C805A01B806EC300781ED1 /* Level1_Cell.xib */,
				F7C805A11B806EC300781ED1 /* Level2_Cell.xib */,
			);
			path = CLTreeView;
			sourceTree = "<group>";
		};
		F7C805931B806EC300781ED1 /* image */ = {
			isa = PBXGroup;
			children = (
				F7C805941B806EC300781ED1 /* contacts_collect@2x.png */,
				F7C805951B806EC300781ED1 /* contacts_major@2x.png */,
				F7C805961B806EC300781ED1 /* head1.jpg */,
				F7C805971B806EC300781ED1 /* head2.jpg */,
				F7C805981B806EC300781ED1 /* head3.jpg */,
				F7C805991B806EC300781ED1 /* head4.jpg */,
				F7C8059A1B806EC300781ED1 /* head5.jpg */,
				F7C8059B1B806EC300781ED1 /* head6.jpg */,
				F7C8059C1B806EC300781ED1 /* head7.jpg */,
				F7C8059D1B806EC300781ED1 /* head8.jpg */,
				F7C8059E1B806EC300781ED1 /* the_arrow.png */,
			);
			path = image;
			sourceTree = "<group>";
		};
/* End PBXGroup section */

/* Begin PBXNativeTarget section */
		7EF55EFF1B7CA022005D0DA1 /* FeiLu */ = {
			isa = PBXNativeTarget;
			buildConfigurationList = 7EF55F261B7CA022005D0DA1 /* Build configuration list for PBXNativeTarget "FeiLu" */;
			buildPhases = (
				7EF55EFC1B7CA022005D0DA1 /* Sources */,
				7EF55EFD1B7CA022005D0DA1 /* Frameworks */,
				7EF55EFE1B7CA022005D0DA1 /* Resources */,
			);
			buildRules = (
			);
			dependencies = (
			);
			name = FeiLu;
			productName = FeiLu;
			productReference = 7EF55F001B7CA022005D0DA1 /* FeiLu.app */;
			productType = "com.apple.product-type.application";
		};
		7EF55F1B1B7CA022005D0DA1 /* FeiLuTests */ = {
			isa = PBXNativeTarget;
			buildConfigurationList = 7EF55F291B7CA022005D0DA1 /* Build configuration list for PBXNativeTarget "FeiLuTests" */;
			buildPhases = (
				7EF55F181B7CA022005D0DA1 /* Sources */,
				7EF55F191B7CA022005D0DA1 /* Frameworks */,
				7EF55F1A1B7CA022005D0DA1 /* Resources */,
			);
			buildRules = (
			);
			dependencies = (
				7EF55F1E1B7CA022005D0DA1 /* PBXTargetDependency */,
			);
			name = FeiLuTests;
			productName = FeiLuTests;
			productReference = 7EF55F1C1B7CA022005D0DA1 /* FeiLuTests.xctest */;
			productType = "com.apple.product-type.bundle.unit-test";
		};
/* End PBXNativeTarget section */

/* Begin PBXProject section */
		7EF55EF81B7CA022005D0DA1 /* Project object */ = {
			isa = PBXProject;
			attributes = {
				LastUpgradeCheck = 0640;
				ORGANIZATIONNAME = lance;
				TargetAttributes = {
					7EF55EFF1B7CA022005D0DA1 = {
						CreatedOnToolsVersion = 6.4;
					};
					7EF55F1B1B7CA022005D0DA1 = {
						CreatedOnToolsVersion = 6.4;
						TestTargetID = 7EF55EFF1B7CA022005D0DA1;
					};
				};
			};
			buildConfigurationList = 7EF55EFB1B7CA022005D0DA1 /* Build configuration list for PBXProject "FeiLu" */;
			compatibilityVersion = "Xcode 3.2";
			developmentRegion = English;
			hasScannedForEncodings = 0;
			knownRegions = (
				en,
				Base,
			);
			mainGroup = 7EF55EF71B7CA022005D0DA1;
			productRefGroup = 7EF55F011B7CA022005D0DA1 /* Products */;
			projectDirPath = "";
			projectRoot = "";
			targets = (
				7EF55EFF1B7CA022005D0DA1 /* FeiLu */,
				7EF55F1B1B7CA022005D0DA1 /* FeiLuTests */,
			);
		};
/* End PBXProject section */

/* Begin PBXResourcesBuildPhase section */
		7EF55EFE1B7CA022005D0DA1 /* Resources */ = {
			isa = PBXResourcesBuildPhase;
			buildActionMask = 2147483647;
			files = (
				F7C805AB1B806EC300781ED1 /* contacts_major@2x.png in Resources */,
				F7C805B21B806EC300781ED1 /* head7.jpg in Resources */,
				F7C805AF1B806EC300781ED1 /* head4.jpg in Resources */,
				F7C805AC1B806EC300781ED1 /* head1.jpg in Resources */,
				F7C805B71B806EC300781ED1 /* Level2_Cell.xib in Resources */,
				F7C805B01B806EC300781ED1 /* head5.jpg in Resources */,
				F7C805B11B806EC300781ED1 /* head6.jpg in Resources */,
				F7C805B51B806EC300781ED1 /* Level0_Cell.xib in Resources */,
				F7C805B31B806EC300781ED1 /* head8.jpg in Resources */,
				F7C805B61B806EC300781ED1 /* Level1_Cell.xib in Resources */,
				F7C805B41B806EC300781ED1 /* the_arrow.png in Resources */,
				F7C805AA1B806EC300781ED1 /* contacts_collect@2x.png in Resources */,
				7EF55F121B7CA022005D0DA1 /* Main.storyboard in Resources */,
				7EF55F171B7CA022005D0DA1 /* LaunchScreen.xib in Resources */,
				F7C805AE1B806EC300781ED1 /* head3.jpg in Resources */,
				7EF55F141B7CA022005D0DA1 /* Images.xcassets in Resources */,
				F7C805AD1B806EC300781ED1 /* head2.jpg in Resources */,
			);
			runOnlyForDeploymentPostprocessing = 0;
		};
		7EF55F1A1B7CA022005D0DA1 /* Resources */ = {
			isa = PBXResourcesBuildPhase;
			buildActionMask = 2147483647;
			files = (
			);
			runOnlyForDeploymentPostprocessing = 0;
		};
/* End PBXResourcesBuildPhase section */

/* Begin PBXSourcesBuildPhase section */
		7EF55EFC1B7CA022005D0DA1 /* Sources */ = {
			isa = PBXSourcesBuildPhase;
			buildActionMask = 2147483647;
			files = (
				7EF854301B8DBD620063282E /* PanoViewController.m in Sources */,
				F7C805A41B806EC300781ED1 /* CLTreeView_LEVEL1_Cell.m in Sources */,
				F7C805A91B806EC300781ED1 /* CLTreeViewNode.m in Sources */,
				7EF55F0F1B7CA022005D0DA1 /* PlanViewController.m in Sources */,
				7EF55F091B7CA022005D0DA1 /* AppDelegate.m in Sources */,
				F7C805A71B806EC300781ED1 /* CLTreeView_LEVEL2_Model.m in Sources */,
				7EF55F0C1B7CA022005D0DA1 /* HomeViewController.m in Sources */,
				7EE2BD9B1B7DA9AB006EB43B /* ESrollerView.m in Sources */,
				7EF55F061B7CA022005D0DA1 /* main.m in Sources */,
				F7C805A31B806EC300781ED1 /* CLTreeView_LEVEL0_Model.m in Sources */,
				F7C805A21B806EC300781ED1 /* CLTreeView_LEVEL0_Cell.m in Sources */,
				F7C805A51B806EC300781ED1 /* CLTreeView_LEVEL1_Model.m in Sources */,
				7EE2BDA11B7E0E52006EB43B /* DetailViewController.m in Sources */,
				F7C805A61B806EC300781ED1 /* CLTreeView_LEVEL2_Cell.m in Sources */,
				F7C805A81B806EC300781ED1 /* CLTreeViewController.m in Sources */,
			);
			runOnlyForDeploymentPostprocessing = 0;
		};
		7EF55F181B7CA022005D0DA1 /* Sources */ = {
			isa = PBXSourcesBuildPhase;
			buildActionMask = 2147483647;
			files = (
				7EF55F231B7CA022005D0DA1 /* FeiLuTests.m in Sources */,
			);
			runOnlyForDeploymentPostprocessing = 0;
		};
/* End PBXSourcesBuildPhase section */

/* Begin PBXTargetDependency section */
		7EF55F1E1B7CA022005D0DA1 /* PBXTargetDependency */ = {
			isa = PBXTargetDependency;
			target = 7EF55EFF1B7CA022005D0DA1 /* FeiLu */;
			targetProxy = 7EF55F1D1B7CA022005D0DA1 /* PBXContainerItemProxy */;
		};
/* End PBXTargetDependency section */

/* Begin PBXVariantGroup section */
		7EF55F101B7CA022005D0DA1 /* Main.storyboard */ = {
			isa = PBXVariantGroup;
			children = (
				7EF55F111B7CA022005D0DA1 /* Base */,
			);
			name = Main.storyboard;
			sourceTree = "<group>";
		};
		7EF55F151B7CA022005D0DA1 /* LaunchScreen.xib */ = {
			isa = PBXVariantGroup;
			children = (
				7EF55F161B7CA022005D0DA1 /* Base */,
			);
			name = LaunchScreen.xib;
			sourceTree = "<group>";
		};
/* End PBXVariantGroup section */

/* Begin XCBuildConfiguration section */
		7EF55F241B7CA022005D0DA1 /* Debug */ = {
			isa = XCBuildConfiguration;
			buildSettings = {
				ALWAYS_SEARCH_USER_PATHS = NO;
				CLANG_CXX_LANGUAGE_STANDARD = "gnu++0x";
				CLANG_CXX_LIBRARY = "libc++";
				CLANG_ENABLE_MODULES = YES;
				CLANG_ENABLE_OBJC_ARC = YES;
				CLANG_WARN_BOOL_CONVERSION = YES;
				CLANG_WARN_CONSTANT_CONVERSION = YES;
				CLANG_WARN_DIRECT_OBJC_ISA_USAGE = YES_ERROR;
				CLANG_WARN_EMPTY_BODY = YES;
				CLANG_WARN_ENUM_CONVERSION = YES;
				CLANG_WARN_INT_CONVERSION = YES;
				CLANG_WARN_OBJC_ROOT_CLASS = YES_ERROR;
				CLANG_WARN_UNREACHABLE_CODE = YES;
				CLANG_WARN__DUPLICATE_METHOD_MATCH = YES;
				"CODE_SIGN_IDENTITY[sdk=iphoneos*]" = "iPhone Developer";
				COPY_PHASE_STRIP = NO;
				DEBUG_INFORMATION_FORMAT = "dwarf-with-dsym";
				ENABLE_STRICT_OBJC_MSGSEND = YES;
				GCC_C_LANGUAGE_STANDARD = gnu99;
				GCC_DYNAMIC_NO_PIC = NO;
				GCC_NO_COMMON_BLOCKS = YES;
				GCC_OPTIMIZATION_LEVEL = 0;
				GCC_PREPROCESSOR_DEFINITIONS = (
					"DEBUG=1",
					"$(inherited)",
				);
				GCC_SYMBOLS_PRIVATE_EXTERN = NO;
				GCC_WARN_64_TO_32_BIT_CONVERSION = YES;
				GCC_WARN_ABOUT_RETURN_TYPE = YES_ERROR;
				GCC_WARN_UNDECLARED_SELECTOR = YES;
				GCC_WARN_UNINITIALIZED_AUTOS = YES_AGGRESSIVE;
				GCC_WARN_UNUSED_FUNCTION = YES;
				GCC_WARN_UNUSED_VARIABLE = YES;
				IPHONEOS_DEPLOYMENT_TARGET = 8.4;
				MTL_ENABLE_DEBUG_INFO = YES;
				ONLY_ACTIVE_ARCH = YES;
				SDKROOT = iphoneos;
				TARGETED_DEVICE_FAMILY = "1,2";
			};
			name = Debug;
		};
		7EF55F251B7CA022005D0DA1 /* Release */ = {
			isa = XCBuildConfiguration;
			buildSettings = {
				ALWAYS_SEARCH_USER_PATHS = NO;
				CLANG_CXX_LANGUAGE_STANDARD = "gnu++0x";
				CLANG_CXX_LIBRARY = "libc++";
				CLANG_ENABLE_MODULES = YES;
				CLANG_ENABLE_OBJC_ARC = YES;
				CLANG_WARN_BOOL_CONVERSION = YES;
				CLANG_WARN_CONSTANT_CONVERSION = YES;
				CLANG_WARN_DIRECT_OBJC_ISA_USAGE = YES_ERROR;
				CLANG_WARN_EMPTY_BODY = YES;
				CLANG_WARN_ENUM_CONVERSION = YES;
				CLANG_WARN_INT_CONVERSION = YES;
				CLANG_WARN_OBJC_ROOT_CLASS = YES_ERROR;
				CLANG_WARN_UNREACHABLE_CODE = YES;
				CLANG_WARN__DUPLICATE_METHOD_MATCH = YES;
				"CODE_SIGN_IDENTITY[sdk=iphoneos*]" = "iPhone Developer";
				COPY_PHASE_STRIP = NO;
				DEBUG_INFORMATION_FORMAT = "dwarf-with-dsym";
				ENABLE_NS_ASSERTIONS = NO;
				ENABLE_STRICT_OBJC_MSGSEND = YES;
				GCC_C_LANGUAGE_STANDARD = gnu99;
				GCC_NO_COMMON_BLOCKS = YES;
				GCC_WARN_64_TO_32_BIT_CONVERSION = YES;
				GCC_WARN_ABOUT_RETURN_TYPE = YES_ERROR;
				GCC_WARN_UNDECLARED_SELECTOR = YES;
				GCC_WARN_UNINITIALIZED_AUTOS = YES_AGGRESSIVE;
				GCC_WARN_UNUSED_FUNCTION = YES;
				GCC_WARN_UNUSED_VARIABLE = YES;
				IPHONEOS_DEPLOYMENT_TARGET = 8.4;
				MTL_ENABLE_DEBUG_INFO = NO;
				SDKROOT = iphoneos;
				TARGETED_DEVICE_FAMILY = "1,2";
				VALIDATE_PRODUCT = YES;
			};
			name = Release;
		};
		7EF55F271B7CA022005D0DA1 /* Debug */ = {
			isa = XCBuildConfiguration;
			buildSettings = {
				ASSETCATALOG_COMPILER_APPICON_NAME = AppIcon;
				CLANG_ENABLE_OBJC_ARC = YES;
				INFOPLIST_FILE = FeiLu/Info.plist;
				LD_RUNPATH_SEARCH_PATHS = "$(inherited) @executable_path/Frameworks";
				PRODUCT_NAME = "$(TARGET_NAME)";
			};
			name = Debug;
		};
		7EF55F281B7CA022005D0DA1 /* Release */ = {
			isa = XCBuildConfiguration;
			buildSettings = {
				ASSETCATALOG_COMPILER_APPICON_NAME = AppIcon;
				CLANG_ENABLE_OBJC_ARC = YES;
				INFOPLIST_FILE = FeiLu/Info.plist;
				LD_RUNPATH_SEARCH_PATHS = "$(inherited) @executable_path/Frameworks";
				PRODUCT_NAME = "$(TARGET_NAME)";
			};
			name = Release;
		};
		7EF55F2A1B7CA022005D0DA1 /* Debug */ = {
			isa = XCBuildConfiguration;
			buildSettings = {
				BUNDLE_LOADER = "$(TEST_HOST)";
				FRAMEWORK_SEARCH_PATHS = (
					"$(SDKROOT)/Developer/Library/Frameworks",
					"$(inherited)",
				);
				GCC_PREPROCESSOR_DEFINITIONS = (
					"DEBUG=1",
					"$(inherited)",
				);
				INFOPLIST_FILE = FeiLuTests/Info.plist;
				LD_RUNPATH_SEARCH_PATHS = "$(inherited) @executable_path/Frameworks @loader_path/Frameworks";
				PRODUCT_NAME = "$(TARGET_NAME)";
				TEST_HOST = "$(BUILT_PRODUCTS_DIR)/FeiLu.app/FeiLu";
			};
			name = Debug;
		};
		7EF55F2B1B7CA022005D0DA1 /* Release */ = {
			isa = XCBuildConfiguration;
			buildSettings = {
				BUNDLE_LOADER = "$(TEST_HOST)";
				FRAMEWORK_SEARCH_PATHS = (
					"$(SDKROOT)/Developer/Library/Frameworks",
					"$(inherited)",
				);
				INFOPLIST_FILE = FeiLuTests/Info.plist;
				LD_RUNPATH_SEARCH_PATHS = "$(inherited) @executable_path/Frameworks @loader_path/Frameworks";
				PRODUCT_NAME = "$(TARGET_NAME)";
				TEST_HOST = "$(BUILT_PRODUCTS_DIR)/FeiLu.app/FeiLu";
			};
			name = Release;
		};
/* End XCBuildConfiguration section */

/* Begin XCConfigurationList section */
		7EF55EFB1B7CA022005D0DA1 /* Build configuration list for PBXProject "FeiLu" */ = {
			isa = XCConfigurationList;
			buildConfigurations = (
				7EF55F241B7CA022005D0DA1 /* Debug */,
				7EF55F251B7CA022005D0DA1 /* Release */,
			);
			defaultConfigurationIsVisible = 0;
			defaultConfigurationName = Release;
		};
		7EF55F261B7CA022005D0DA1 /* Build configuration list for PBXNativeTarget "FeiLu" */ = {
			isa = XCConfigurationList;
			buildConfigurations = (
				7EF55F271B7CA022005D0DA1 /* Debug */,
				7EF55F281B7CA022005D0DA1 /* Release */,
			);
			defaultConfigurationIsVisible = 0;
			defaultConfigurationName = Release;
		};
		7EF55F291B7CA022005D0DA1 /* Build configuration list for PBXNativeTarget "FeiLuTests" */ = {
			isa = XCConfigurationList;
			buildConfigurations = (
				7EF55F2A1B7CA022005D0DA1 /* Debug */,
				7EF55F2B1B7CA022005D0DA1 /* Release */,
			);
			defaultConfigurationIsVisible = 0;
			defaultConfigurationName = Release;
		};
/* End XCConfigurationList section */
	};
	rootObject = 7EF55EF81B7CA022005D0DA1 /* Project object */;
}
